
Microsoft Visual Studio Solution File, Format Version 12.00
# Visual Studio Version 17
VisualStudioVersion = 17.3.32929.385
MinimumVisualStudioVersion = 10.0.40219.1
Project("{FAE04EC0-301F-11D3-BF4B-00C04F79EFBC}") = "Simulator", "Simulator\Simulator.csproj", "{2C32A1BD-1A1D-4BC8-AD3D-A3E12C888D01}"
EndProject
Global
	GlobalSection(SolutionConfigurationPlatforms) = preSolution
		Debug|Any CPU = Debug|Any CPU
		Release|Any CPU = Release|Any CPU
	EndGlobalSection
	GlobalSection(ProjectConfigurationPlatforms) = postSolution
		{2C32A1BD-1A1D-4BC8-AD3D-A3E12C888D01}.Debug|Any CPU.ActiveCfg = Debug|Any CPU
		{2C32A1BD-1A1D-4BC8-AD3D-A3E12C888D01}.Debug|Any CPU.Build.0 = Debug|Any CPU
		{2C32A1BD-1A1D-4BC8-AD3D-A3E12C888D01}.Release|Any CPU.ActiveCfg = Release|Any CPU
		{2C32A1BD-1A1D-4BC8-AD3D-A3E12C888D01}.Release|Any CPU.Build.0 = Release|Any CPU
	EndGlobalSection
	GlobalSection(SolutionProperties) = preSolution
		HideSolutionNode = FALSE
	EndGlobalSection
	GlobalSection(ExtensibilityGlobals) = postSolution
		SolutionGuid = {50B53151-BA71-4580-9A35-3A85CE7D7227}
	EndGlobalSection
EndGlobal
